
Microsoft Visual Studio Solution File, Format Version 12.00
# Visual Studio Version 17
VisualStudioVersion = 17.0.31912.275
MinimumVisualStudioVersion = 10.0.40219.1
Project("{9A19103F-16F7-4668-BE54-9A1E7A4F7556}") = "aoc01", "aoc01\aoc01.csproj", "{901C22FE-D548-45C4-B3B9-92163A61F5BE}"
EndProject
Project("{FAE04EC0-301F-11D3-BF4B-00C04F79EFBC}") = "aoc02", "aoc02\aoc02.csproj", "{55D4976F-4C94-48B3-8194-8C18D729D9A5}"
EndProject
Global
	GlobalSection(SolutionConfigurationPlatforms) = preSolution
		Debug|Any CPU = Debug|Any CPU
		Release|Any CPU = Release|Any CPU
	EndGlobalSection
	GlobalSection(ProjectConfigurationPlatforms) = postSolution
		{901C22FE-D548-45C4-B3B9-92163A61F5BE}.Debug|Any CPU.ActiveCfg = Debug|Any CPU
		{901C22FE-D548-45C4-B3B9-92163A61F5BE}.Debug|Any CPU.Build.0 = Debug|Any CPU
		{901C22FE-D548-45C4-B3B9-92163A61F5BE}.Release|Any CPU.ActiveCfg = Release|Any CPU
		{901C22FE-D548-45C4-B3B9-92163A61F5BE}.Release|Any CPU.Build.0 = Release|Any CPU
		{55D4976F-4C94-48B3-8194-8C18D729D9A5}.Debug|Any CPU.ActiveCfg = Debug|Any CPU
		{55D4976F-4C94-48B3-8194-8C18D729D9A5}.Debug|Any CPU.Build.0 = Debug|Any CPU
		{55D4976F-4C94-48B3-8194-8C18D729D9A5}.Release|Any CPU.ActiveCfg = Release|Any CPU
		{55D4976F-4C94-48B3-8194-8C18D729D9A5}.Release|Any CPU.Build.0 = Release|Any CPU
	EndGlobalSection
	GlobalSection(SolutionProperties) = preSolution
		HideSolutionNode = FALSE
	EndGlobalSection
	GlobalSection(ExtensibilityGlobals) = postSolution
		SolutionGuid = {B93016D2-E547-44E0-B992-131B5F35662A}
	EndGlobalSection
EndGlobal
